
Microsoft Visual Studio Solution File, Format Version 12.00
# Visual Studio Version 17
VisualStudioVersion = 17.14.36623.8
MinimumVisualStudioVersion = 10.0.40219.1
Project("{FAE04EC0-301F-11D3-BF4B-00C04F79EFBC}") = "VertexAutoTradeBinance8", "VertexAutoTradeBinance AI v5.0 Full Autonomous Mode\VertexAutoTradeBinance8.csproj", "{EE3E4E85-CB41-D7E4-C3A6-FE7DE855F6D3}"
EndProject
Project("{FAE04EC0-301F-11D3-BF4B-00C04F79EFBC}") = "VertexAutoTradeBinance8.API", "VertexAutoTradeBinance8.API\VertexAutoTradeBinance8.API.csproj", "{13404EBC-7428-74C8-7D0A-CEC1FE1728F8}"
EndProject
Global
	GlobalSection(SolutionConfigurationPlatforms) = preSolution
		Debug|Any CPU = Debug|Any CPU
		Release|Any CPU = Release|Any CPU
	EndGlobalSection
	GlobalSection(ProjectConfigurationPlatforms) = postSolution
		{EE3E4E85-CB41-D7E4-C3A6-FE7DE855F6D3}.Debug|Any CPU.ActiveCfg = Debug|Any CPU
		{EE3E4E85-CB41-D7E4-C3A6-FE7DE855F6D3}.Debug|Any CPU.Build.0 = Debug|Any CPU
		{EE3E4E85-CB41-D7E4-C3A6-FE7DE855F6D3}.Release|Any CPU.ActiveCfg = Release|Any CPU
		{EE3E4E85-CB41-D7E4-C3A6-FE7DE855F6D3}.Release|Any CPU.Build.0 = Release|Any CPU
		{13404EBC-7428-74C8-7D0A-CEC1FE1728F8}.Debug|Any CPU.ActiveCfg = Debug|Any CPU
		{13404EBC-7428-74C8-7D0A-CEC1FE1728F8}.Debug|Any CPU.Build.0 = Debug|Any CPU
		{13404EBC-7428-74C8-7D0A-CEC1FE1728F8}.Release|Any CPU.ActiveCfg = Release|Any CPU
		{13404EBC-7428-74C8-7D0A-CEC1FE1728F8}.Release|Any CPU.Build.0 = Release|Any CPU
	EndGlobalSection
	GlobalSection(SolutionProperties) = preSolution
		HideSolutionNode = FALSE
	EndGlobalSection
	GlobalSection(ExtensibilityGlobals) = postSolution
		SolutionGuid = {D17BA604-3AFA-454E-9E49-57CC90F87E29}
	EndGlobalSection
EndGlobal
